
Microsoft Visual Studio Solution File, Format Version 12.00
# Visual Studio Version 16
VisualStudioVersion = 16.0.30330.147
MinimumVisualStudioVersion = 10.0.40219.1
Project("{FAE04EC0-301F-11D3-BF4B-00C04F79EFBC}") = "MnbArfolyam", "MnbArfolyam\MnbArfolyam.csproj", "{04380782-2B39-4B64-BFB3-D769582E5CA9}"
EndProject
Global
	GlobalSection(SolutionConfigurationPlatforms) = preSolution
		Debug|Any CPU = Debug|Any CPU
		Release|Any CPU = Release|Any CPU
	EndGlobalSection
	GlobalSection(ProjectConfigurationPlatforms) = postSolution
		{04380782-2B39-4B64-BFB3-D769582E5CA9}.Debug|Any CPU.ActiveCfg = Debug|Any CPU
		{04380782-2B39-4B64-BFB3-D769582E5CA9}.Debug|Any CPU.Build.0 = Debug|Any CPU
		{04380782-2B39-4B64-BFB3-D769582E5CA9}.Release|Any CPU.ActiveCfg = Release|Any CPU
		{04380782-2B39-4B64-BFB3-D769582E5CA9}.Release|Any CPU.Build.0 = Release|Any CPU
	EndGlobalSection
	GlobalSection(SolutionProperties) = preSolution
		HideSolutionNode = FALSE
	EndGlobalSection
	GlobalSection(ExtensibilityGlobals) = postSolution
		SolutionGuid = {1A913BD5-763E-4212-979E-370A65047BC0}
	EndGlobalSection
EndGlobal
